
Microsoft Visual Studio Solution File, Format Version 12.00
# Visual Studio Version 17
VisualStudioVersion = 17.2.32602.215
MinimumVisualStudioVersion = 10.0.40219.1
Project("{FAE04EC0-301F-11D3-BF4B-00C04F79EFBC}") = "amr project", "amr project\amr project.csproj", "{1D343381-3364-4E49-9E24-7EDB8950D475}"
EndProject
Global
	GlobalSection(SolutionConfigurationPlatforms) = preSolution
		Debug|Any CPU = Debug|Any CPU
		Release|Any CPU = Release|Any CPU
	EndGlobalSection
	GlobalSection(ProjectConfigurationPlatforms) = postSolution
		{1D343381-3364-4E49-9E24-7EDB8950D475}.Debug|Any CPU.ActiveCfg = Debug|Any CPU
		{1D343381-3364-4E49-9E24-7EDB8950D475}.Debug|Any CPU.Build.0 = Debug|Any CPU
		{1D343381-3364-4E49-9E24-7EDB8950D475}.Release|Any CPU.ActiveCfg = Release|Any CPU
		{1D343381-3364-4E49-9E24-7EDB8950D475}.Release|Any CPU.Build.0 = Release|Any CPU
	EndGlobalSection
	GlobalSection(SolutionProperties) = preSolution
		HideSolutionNode = FALSE
	EndGlobalSection
	GlobalSection(ExtensibilityGlobals) = postSolution
		SolutionGuid = {4208221A-9441-42D7-A473-C6F587E68620}
	EndGlobalSection
EndGlobal
